
Microsoft Visual Studio Solution File, Format Version 12.00
# Visual Studio Version 17
VisualStudioVersion = 17.0.31903.59
MinimumVisualStudioVersion = 10.0.40219.1
Project("{FAE04EC0-301F-11D3-BF4B-00C04F79EFBC}") = "DjiEmbed.Gui", "DjiEmbed.Gui\DjiEmbed.Gui.csproj", "{B6FD4820-B21A-4BCB-A9E3-788FB6E7DDAA}"
EndProject
Project("{FAE04EC0-301F-11D3-BF4B-00C04F79EFBC}") = "DjiEmbed.Gui.Tests", "DjiEmbed.Gui.Tests\DjiEmbed.Gui.Tests.csproj", "{4E45D465-EC79-4166-B75B-8C47DB1F60FB}"
EndProject
Global
	GlobalSection(SolutionConfigurationPlatforms) = preSolution
		Debug|Any CPU = Debug|Any CPU
		Release|Any CPU = Release|Any CPU
	EndGlobalSection
	GlobalSection(SolutionProperties) = preSolution
		HideSolutionNode = FALSE
	EndGlobalSection
	GlobalSection(ProjectConfigurationPlatforms) = postSolution
		{B6FD4820-B21A-4BCB-A9E3-788FB6E7DDAA}.Debug|Any CPU.ActiveCfg = Debug|Any CPU
		{B6FD4820-B21A-4BCB-A9E3-788FB6E7DDAA}.Debug|Any CPU.Build.0 = Debug|Any CPU
		{B6FD4820-B21A-4BCB-A9E3-788FB6E7DDAA}.Release|Any CPU.ActiveCfg = Release|Any CPU
		{B6FD4820-B21A-4BCB-A9E3-788FB6E7DDAA}.Release|Any CPU.Build.0 = Release|Any CPU
		{4E45D465-EC79-4166-B75B-8C47DB1F60FB}.Debug|Any CPU.ActiveCfg = Debug|Any CPU
		{4E45D465-EC79-4166-B75B-8C47DB1F60FB}.Debug|Any CPU.Build.0 = Debug|Any CPU
		{4E45D465-EC79-4166-B75B-8C47DB1F60FB}.Release|Any CPU.ActiveCfg = Release|Any CPU
		{4E45D465-EC79-4166-B75B-8C47DB1F60FB}.Release|Any CPU.Build.0 = Release|Any CPU
	EndGlobalSection
EndGlobal
